Microsoft Visual Studio Solution File, Format Version 12.00
# Visual Studio Version 17
VisualStudioVersion = 17.5.2.0
MinimumVisualStudioVersion = 10.0.40219.1
Project("{FAE04EC0-301F-11D3-BF4B-00C04F79EFBC}") = "Api_Entregas", "Api_Entregas.csproj", "{649F8499-B730-95EA-3DBB-AEFE5FE7E3DA}"
EndProject
Global
	GlobalSection(SolutionConfigurationPlatforms) = preSolution
		Debug|Any CPU = Debug|Any CPU
		Release|Any CPU = Release|Any CPU
	EndGlobalSection
	GlobalSection(ProjectConfigurationPlatforms) = postSolution
		{649F8499-B730-95EA-3DBB-AEFE5FE7E3DA}.Debug|Any CPU.ActiveCfg = Debug|Any CPU
		{649F8499-B730-95EA-3DBB-AEFE5FE7E3DA}.Debug|Any CPU.Build.0 = Debug|Any CPU
		{649F8499-B730-95EA-3DBB-AEFE5FE7E3DA}.Release|Any CPU.ActiveCfg = Release|Any CPU
		{649F8499-B730-95EA-3DBB-AEFE5FE7E3DA}.Release|Any CPU.Build.0 = Release|Any CPU
	EndGlobalSection
	GlobalSection(SolutionProperties) = preSolution
		HideSolutionNode = FALSE
	EndGlobalSection
	GlobalSection(ExtensibilityGlobals) = postSolution
		SolutionGuid = {8E8180EC-20AA-4BDA-8F3E-0F44F77A0DF5}
	EndGlobalSection
EndGlobal
